<?xml version="1.0" encoding="utf-8"?>
<Project ToolsVersion="4.0" xmlns="http://schemas.microsoft.com/developer/msbuild/2003">
  <ItemGroup>
    <ClCompile Include="..\gui.shared\translator_base.cpp" />
    <ClCompile Include="app_config.cpp" />
    <ClCompile Include="controls\BackButton.cpp" />
    <ClCompile Include="controls\BackgroundWidget.cpp" />
    <ClCompile Include="controls\ContactAvatarWidget.cpp" />
    <ClCompile Include="controls\FlatMenu.cpp" />
    <ClCompile Include="controls\moc_ContactAvatarWidget.cpp" />
    <ClCompile Include="controls\moc_GeneralDialog.cpp" />
    <ClCompile Include="controls\PictureWidget.cpp" />
    <ClCompile Include="gui_settings.cpp" />
    <ClCompile Include="controls\GeneralDialog.cpp" />
    <ClCompile Include="main_window\contact_list\moc_SelectionContactsForGroupChat.cpp" />
    <ClCompile Include="main_window\contact_list\SelectionContactsForGroupChat.cpp" />
    <ClCompile Include="main_window\history_control\auth_widget\AuthWidget.cpp" />
    <ClCompile Include="main_window\contact_list\contact_profile.cpp" />
    <ClCompile Include="cache\countries.cpp" />
    <ClCompile Include="controls\moc_TextEmojiWidget.cpp" />
    <ClCompile Include="main_window\history_control\auth_widget\moc_AuthWidget.cpp" />
    <ClCompile Include="main_window\history_control\ChatEventInfo.cpp" />
    <ClCompile Include="main_window\history_control\moc_StickerWidget.cpp" />
    <ClCompile Include="main_window\history_control\StickerInfo.cpp" />
    <ClCompile Include="main_window\history_control\StickerWidget.cpp" />
    <ClCompile Include="controls\moc_SemitransparentWindow.cpp" />
    <ClCompile Include="main_window\search_contacts\results\FoundContacts.cpp" />
    <ClCompile Include="main_window\search_contacts\results\ContactWidget.cpp" />
    <ClCompile Include="controls\FlowLayout.cpp" />
    <ClCompile Include="main_window\search_contacts\results\moc_ContactWidget.cpp" />
    <ClCompile Include="main_window\search_contacts\results\moc_FoundContacts.cpp" />
    <ClCompile Include="main_window\search_contacts\results\moc_NoResultsWidget.cpp" />
    <ClCompile Include="main_window\search_contacts\results\NoResultsWidget.cpp" />
    <ClCompile Include="controls\SemitransparentWindow.cpp" />
    <ClCompile Include="moc_gui_settings.cpp" />
    <ClCompile Include="previewer\Previewer.cpp" />
    <ClCompile Include="previewer\PreviewWidget.cpp" />
    <ClCompile Include="controls\TextEmojiWidget.cpp" />
    <ClCompile Include="utils\gui_coll_helper.cpp" />
    <ClCompile Include="main_window\history_control\KnownFileTypes.cpp" />
    <ClCompile Include="main_window\search_contacts\ComboButton.cpp" />
    <ClCompile Include="main_window\ContactDialog.cpp" />
    <ClCompile Include="main_window\contact_list\Common.cpp" />
    <ClCompile Include="main_window\contact_list\ContactListItemRenderer.cpp" />
    <ClCompile Include="main_window\contact_list\moc_ContactList.cpp" />
    <ClCompile Include="main_window\contact_list\moc_ContactListModel.cpp" />
    <ClCompile Include="main_window\contact_list\moc_RecentsModel.cpp" />
    <ClCompile Include="main_window\contact_list\moc_SearchModel.cpp" />
    <ClCompile Include="main_window\contact_list\moc_SearchWidget.cpp" />
    <ClCompile Include="main_window\contact_list\RecentsItemRenderer.cpp" />
    <ClCompile Include="cache\emoji\Emoji.cpp" />
    <ClCompile Include="cache\emoji\EmojiDb.cpp" />
    <ClCompile Include="cache\emoji\EmojiIndexData.cpp" />
    <ClCompile Include="main_window\history_control\FileSharingInfo.cpp" />
    <ClCompile Include="main_window\history_control\FileSizeFormatter.cpp" />
    <ClCompile Include="main_window\history_control\HistoryControlPage.cpp" />
    <ClCompile Include="main_window\history_control\MessageContentWidget.cpp" />
    <ClCompile Include="main_window\history_control\moc_FileSharingWidget.cpp" />
    <ClCompile Include="main_window\history_control\moc_HistoryControl.cpp" />
    <ClCompile Include="main_window\history_control\moc_HistoryControlPage.cpp" />
    <ClCompile Include="main_window\history_control\moc_MessageContentWidget.cpp" />
    <ClCompile Include="main_window\history_control\moc_MessageItem.cpp" />
    <ClCompile Include="main_window\history_control\moc_MessagesModel.cpp" />
    <ClCompile Include="main_window\history_control\moc_NewMessagesPlate.cpp" />
    <ClCompile Include="main_window\history_control\moc_ServiceMessageItem.cpp" />
    <ClCompile Include="main_window\moc_ContactDialog.cpp" />
    <ClCompile Include="main_window\search_contacts\moc_ComboButton.cpp" />
    <ClCompile Include="main_window\search_contacts\moc_SearchContactsWidget.cpp" />
    <ClCompile Include="main_window\search_contacts\moc_SearchFilters.cpp" />
    <ClCompile Include="main_window\search_contacts\results\moc_SearchResults.cpp" />
    <ClCompile Include="main_window\search_contacts\SearchContactsWidget.cpp" />
    <ClCompile Include="main_window\search_contacts\SearchFilters.cpp" />
    <ClCompile Include="main_window\search_contacts\results\SearchResults.cpp" />
    <ClCompile Include="main_window\search_contacts\search_params.cpp" />
    <ClCompile Include="utils\InterConnector.cpp" />
    <ClCompile Include="utils\moc_InterConnector.cpp" />
    <ClCompile Include="utils\Text2DocConverter.cpp" />
    <ClCompile Include="utils\log\log.cpp" />
    <ClCompile Include="main.cpp" />
    <ClCompile Include="core_dispatcher.cpp" />
    <ClCompile Include="moc_core_dispatcher.cpp" />
    <ClCompile Include="my_info.cpp" />
    <ClCompile Include="moc_my_info.cpp" />
    <ClCompile Include="voip\AvatarContainerWidget.cpp" />
    <ClCompile Include="voip\moc_AvatarContainerWidget.cpp" />
    <ClCompile Include="voip\moc_NameAndStatusWidget.cpp" />
    <ClCompile Include="voip\moc_VoipProxy.cpp" />
    <ClCompile Include="utils\profiling\auto_stop_watch.cpp" />
    <ClCompile Include="stdafx.cpp" />
    <ClCompile Include="cache\stickers\stickers.cpp" />
    <ClCompile Include="themes\IcqStyle.cpp" />
    <ClCompile Include="themes\ThemePixmap.cpp" />
    <ClCompile Include="themes\ThemePixmapDb.inc" />
    <ClCompile Include="themes\Themes.cpp" />
    <ClCompile Include="types/contact.cpp" />
    <ClCompile Include="types/chat.cpp" />
    <ClCompile Include="types/message.cpp" />
    <ClCompile Include="utils\SChar.cpp" />
    <ClCompile Include="utils\uid.cpp" />
    <ClCompile Include="voip\NameAndStatusWidget.cpp" />
    <ClCompile Include="voip\VoipProxy.cpp" />
    <ClCompile Include="main_window\MainWindow.cpp" />
    <ClCompile Include="main_window\moc_MainWindow.cpp" />
    <ClCompile Include="main_window\MainPage.cpp" />
    <ClCompile Include="main_window\moc_MainPage.cpp" />
    <ClCompile Include="main_window\LoginPage.cpp" />
    <ClCompile Include="main_window\moc_LoginPage.cpp" />
    <ClCompile Include="main_window\contact_list\ContactList.cpp" />
    <ClCompile Include="main_window\contact_list\SettingsTab.cpp" />
    <ClCompile Include="main_window\contact_list\moc_SettingsTab.cpp" />
    <ClCompile Include="cache\avatars\AvatarStorage.cpp" />
    <ClCompile Include="cache\avatars\moc_AvatarStorage.cpp" />
    <ClCompile Include="main_window\contact_list\ContactItem.cpp" />
    <ClCompile Include="main_window\contact_list\ContactListItemDelegate.cpp" />
    <ClCompile Include="main_window\contact_list\ContactListModel.cpp" />
    <ClCompile Include="main_window\contact_list\RecentItemDelegate.cpp" />
    <ClCompile Include="main_window\contact_list\RecentsModel.cpp" />
    <ClCompile Include="main_window\history_control\MessagesModel.cpp" />
    <ClCompile Include="main_window\contact_list\SearchModel.cpp" />
    <ClCompile Include="main_window\history_control\HistoryControl.cpp" />
    <ClCompile Include="main_window\history_control\FileSharingWidget.cpp" />
    <ClCompile Include="main_window\input_widget\InputWidget.cpp" />
    <ClCompile Include="main_window\contact_list\SearchWidget.cpp" />
    <ClCompile Include="main_window\history_control\ServiceMessageItem.cpp" />
    <ClCompile Include="main_window\history_control\NewMessagesPlate.cpp" />
    <ClCompile Include="controls\LineEditEx.cpp" />
    <ClCompile Include="controls\moc_LineEditEx.cpp" />
    <ClCompile Include="controls\LabelEx.cpp" />
    <ClCompile Include="controls\moc_LabelEx.cpp" />
    <ClCompile Include="controls\moc_TextEditEx.cpp" />
    <ClCompile Include="controls\TextEditEx.cpp" />
    <ClCompile Include="controls\CountrySearchCombobox.cpp" />
    <ClCompile Include="controls\moc_CountrySearchCombobox.cpp" />
    <ClCompile Include="controls\CustomButton.cpp" />
    <ClCompile Include="utils/launch.cpp" />
    <ClCompile Include="utils/utils.cpp" />
    <ClCompile Include="utils/moc_utils.cpp" />
    <ClCompile Include="utils/local_peer.cpp" />
    <ClCompile Include="utils/moc_local_peer.cpp" />
    <ClCompile Include="utils/translator.cpp" />
    <ClCompile Include="utils/application.cpp" />
    <ClCompile Include="utils/moc_application.cpp" />
    <ClCompile Include="voip\CallMenu.cpp" />
    <ClCompile Include="voip\CallPanelMain.cpp" />
    <ClCompile Include="voip\DetachedVideoWnd.cpp" />
    <ClCompile Include="voip\IncomingCallWindow.cpp" />
    <ClCompile Include="main_window\input_widget\moc_InputWidget.cpp" />
    <ClCompile Include="voip\moc_CallMenu.cpp" />
    <ClCompile Include="voip\moc_CallPanelMain.cpp" />
    <ClCompile Include="voip\moc_DetachedVideoWnd.cpp" />
    <ClCompile Include="voip\moc_IncomingCallWindow.cpp" />
    <ClCompile Include="voip\moc_VideoPanel.cpp" />
    <ClCompile Include="voip\moc_VideoPanelHeader.cpp" />
    <ClCompile Include="voip\moc_VideoSettings.cpp" />
    <ClCompile Include="voip\moc_VideoWindow.cpp" />
    <ClCompile Include="voip\moc_VoipSysPanelHeader.cpp" />
    <ClCompile Include="main_window\smiles_menu\moc_SmilesMenu.cpp" />
    <ClCompile Include="main_window\smiles_menu\moc_toolbar.cpp" />
    <ClCompile Include="main_window\smiles_menu\SmilesMenu.cpp" />
    <ClCompile Include="main_window\smiles_menu\toolbar.cpp" />
    <ClCompile Include="voip\VideoPanel.cpp" />
    <ClCompile Include="voip\VideoPanelHeader.cpp" />
    <ClCompile Include="voip\VideoSettings.cpp" />
    <ClCompile Include="voip\VideoWindow.cpp" />
    <ClCompile Include="voip\VoipSysPanelHeader.cpp" />
    <ClCompile Include="main_window\tray\TrayIcon.cpp" />
    <ClCompile Include="main_window\tray\moc_TrayIcon.cpp" />
    <ClCompile Include="main_window\tray\MessageAlertWidget.cpp" />
    <ClCompile Include="main_window\tray\moc_MessageAlertWidget.cpp" />
    <ClCompile Include="main_window\tray\RecentMessagesAlert.cpp" />
    <ClCompile Include="main_window\tray\moc_RecentMessagesAlert.cpp" />
    <ClCompile Include="main_window\tray\toast_notifications\ToastEventHandler.cpp" />
    <ClCompile Include="main_window\tray\toast_notifications\ToastManager.cpp" />
    <ClCompile Include="main_window\tray\toast_notifications\moc_ToastManager.cpp" />
    <ClCompile Include="main_window\settings\ProfileSettingsWidget.cpp" />
    <ClCompile Include="main_window\settings\moc_ProfileSettingsWidget.cpp" />
    <ClCompile Include="main_window\settings\GeneralSettingsWidget.cpp" />
    <ClCompile Include="main_window\settings\moc_GeneralSettingsWidget.cpp" />
    <ClCompile Include="main_window\sounds\SoundsManager.cpp" />
    <ClCompile Include="main_window\sounds\moc_SoundsManager.cpp" />
    <ClCompile Include="main_window\history_control\ChatEventItem.cpp" />
    <ClCompile Include="main_window\history_control\moc_ChatEventItem.cpp" />
    <ClCompile Include="main_window\contact_list\ChatMembersModel.cpp" />
    <ClCompile Include="main_window\contact_list\moc_ChatMembersModel.cpp" />
    <ClCompile Include="controls\moc_WidgetsNavigator.cpp" />
    <ClCompile Include="controls\WidgetsNavigator.cpp" />
    <ClCompile Include="main_window\history_control\ImagePreviewWidget.cpp" />
    <ClCompile Include="main_window\history_control\moc_ImagePreviewWidget.cpp" />
    <ClCompile Include="controls\moc_ContextMenu.cpp" />
    <ClCompile Include="controls\ContextMenu.cpp" />
    <ClCompile Include="main_window\history_control\HistoryControlPageItem.cpp" />
    <ClCompile Include="controls\DpiAwareImage.cpp" />
    <ClCompile Include="main_window\contact_list\SearchMembersModel.cpp" />
    <ClCompile Include="main_window\contact_list\moc_SearchMembersModel.cpp" />
    <ClCompile Include="main_window\contact_list\AbstractSearchModel.cpp" />
    <ClCompile Include="main_window\contact_list\moc_AbstractSearchModel.cpp" />
    <ClCompile Include="main_window\history_control\VoipEventInfo.cpp" />
    <ClCompile Include="main_window\history_control\PreviewContentWidget.cpp" />
    <ClCompile Include="remote_proc.cpp" />
    <ClCompile Include="main_window\history_control\VoipEventItem.cpp" />
    <ClCompile Include="main_window\history_control\moc_VoipEventItem.cpp" />
    <ClCompile Include="utils\PainterPath.cpp" />
    <ClCompile Include="controls\Alert.cpp" />
    <ClCompile Include="controls\moc_Alert.cpp" />
    <ClCompile Include="controls\moc_FlatMenu.cpp" />
    <ClCompile Include="main_window\history_control\MessageItem.cpp" />
    <ClCompile Include="..\common.shared\crash_handler.cpp" />
    <ClCompile Include="..\common.shared\common_defs.cpp" />
    <ClCompile Include="voip\VideoFrame.cpp" />
    <ClCompile Include="voip\win32\VideoFrameWin32.cpp" />
    <ClCompile Include="voip\win32\moc_VideoFrameWin32.cpp" />
    <ClCompile Include="main_window\history_control\moc_HistoryControlPageItem.cpp" />
    <ClCompile Include="main_window\history_control\MessagesScrollbar.cpp" />
    <ClCompile Include="main_window\history_control\moc_MessagesScrollbar.cpp" />
    <ClCompile Include="main_window\history_control\MessagesScrollArea.cpp" />
    <ClCompile Include="main_window\history_control\moc_MessagesScrollArea.cpp" />
    <ClCompile Include="main_window\history_control\moc_PreviewContentWidget.cpp" />
    <ClCompile Include="main_window\history_control\ResizePixmapTask.cpp" />
    <ClCompile Include="main_window\history_control\moc_ResizePixmapTask.cpp" />
    <ClCompile Include="LoadPixmapFromDataTask.cpp" />
    <ClCompile Include="moc_LoadPixmapFromDataTask.cpp" />
    <ClCompile Include="main_window\history_control\MessageItemLayout.cpp" />
    <ClCompile Include="main_window\history_control\MessagesScrollAreaLayout.cpp" />
    <ClCompile Include="utils\Text.cpp" />
    <ClCompile Include="main_window\history_control\PttAudioWidget.cpp" />
    <ClCompile Include="main_window\history_control\moc_PttAudioWidget.cpp" />
    <ClCompile Include="main_window\sounds\MpegLoader.cpp" />
    <ClCompile Include="main_window\history_control\MessageStatusWidget.cpp" />
    <ClCompile Include="main_window\history_control\MessageStyle.cpp" />
    <ClCompile Include="moc_theme_settings.cpp" />
    <ClCompile Include="theme_settings.cpp" />
    <ClCompile Include="cache\themes\themes_cache.cpp" />
    <ClCompile Include="main_window\settings\themes\moc_ThemesModel.cpp" />
    <ClCompile Include="main_window\settings\themes\moc_ThemesSettingsWidget.cpp" />
    <ClCompile Include="main_window\settings\themes\moc_ThemesWidget.cpp" />
    <ClCompile Include="main_window\settings\themes\moc_ThemeWidget.cpp" />
    <ClCompile Include="main_window\settings\themes\ThemesModel.cpp" />
    <ClCompile Include="main_window\settings\themes\ThemesSettingsWidget.cpp" />
    <ClCompile Include="main_window\settings\themes\ThemesWidget.cpp" />
    <ClCompile Include="main_window\settings\themes\ThemeWidget.cpp" />
    <ClCompile Include="main_window\settings\AboutUs.cpp" />
    <ClCompile Include="main_window\settings\ContactUs.cpp" />
    <ClCompile Include="main_window\settings\Notifications.cpp" />
    <ClCompile Include="main_window\contact_list\moc_CustomAbstractListModel.cpp" />
    <ClCompile Include="main_window\contact_list\CustomAbstractListModel.cpp" />
    <ClCompile Include="main_window\history_control\HistoryControlPageThemePanel.cpp" />
    <ClCompile Include="main_window\history_control\moc_HistoryControlPageThemePanel.cpp" />
  </ItemGroup>
  <ItemGroup>
    <ClInclude Include="..\common.shared\version_info_constants.h" />
    <ClInclude Include="..\gui.shared\translator_base.h" />
    <ClInclude Include="app_config.h" />
    <ClInclude Include="constants.h" />
    <ClInclude Include="controls\FlatMenu.h" />
    <ClInclude Include="controls\PictureWidget.h" />
    <ClInclude Include="cp_afxres.h" />
    <ClInclude Include="controls\BackButton.h" />
    <ClInclude Include="controls\BackgroundWidget.h" />
    <ClInclude Include="controls\ContactAvatarWidget.h" />
    <ClInclude Include="controls\CustomButton.h" />
    <ClInclude Include="controls\LabelEx.h" />
    <ClInclude Include="gui_settings.h" />
    <ClInclude Include="controls\GeneralDialog.h" />
    <ClInclude Include="main_window\contact_list\SelectionContactsForGroupChat.h" />
    <ClInclude Include="main_window\history_control\auth_widget\AuthWidget.h" />
    <ClInclude Include="main_window\contact_list\contact_profile.h" />
    <ClInclude Include="cache\countries.h" />
    <ClInclude Include="main_window\history_control\ChatEventInfo.h" />
    <ClInclude Include="main_window\history_control\StickerInfo.h" />
    <ClInclude Include="main_window\history_control\StickerWidget.h" />
    <ClInclude Include="main_window\search_contacts\results\FoundContacts.h" />
    <ClInclude Include="main_window\search_contacts\results\ContactWidget.h" />
    <ClInclude Include="controls\FlowLayout.h" />
    <ClInclude Include="main_window\search_contacts\results\NoResultsWidget.h" />
    <ClInclude Include="controls\SemitransparentWindow.h" />
    <ClInclude Include="previewer\Previewer.h" />
    <ClInclude Include="previewer\PreviewWidget.h" />
    <ClInclude Include="controls\TextEmojiWidget.h" />
    <ClInclude Include="themes\ResourceIds.h" />
    <ClInclude Include="utils\gui_coll_helper.h" />
    <ClInclude Include="main_window\history_control\KnownFileTypes.h" />
    <ClInclude Include="main_window\search_contacts\ComboButton.h" />
    <ClInclude Include="main_window\ContactDialog.h" />
    <ClInclude Include="controls\CountrySearchCombobox.h" />
    <ClInclude Include="controls\LineEditEx.h" />
    <ClInclude Include="controls\TextEditEx.h" />
    <ClInclude Include="main_window\contact_list\Common.h" />
    <ClInclude Include="main_window\contact_list\ContactItem.h" />
    <ClInclude Include="main_window\contact_list\ContactList.h" />
    <ClInclude Include="main_window\contact_list\ContactListItemDelegate.h" />
    <ClInclude Include="main_window\contact_list\ContactListItemRenderer.h" />
    <ClInclude Include="main_window\contact_list\ContactListModel.h" />
    <ClInclude Include="main_window\contact_list\RecentItemDelegate.h" />
    <ClInclude Include="main_window\contact_list\RecentsItemRenderer.h" />
    <ClInclude Include="main_window\contact_list\RecentsModel.h" />
    <ClInclude Include="main_window\contact_list\SearchModel.h" />
    <ClInclude Include="main_window\contact_list\SearchWidget.h" />
    <ClInclude Include="core_dispatcher.h" />
    <ClInclude Include="cache\emoji\Emoji.h" />
    <ClInclude Include="cache\emoji\EmojiDb.h" />
    <ClInclude Include="main_window\history_control\FileSharingInfo.h" />
    <ClInclude Include="main_window\history_control\FileSizeFormatter.h" />
    <ClInclude Include="main_window\history_control\HistoryControlPage.h" />
    <ClInclude Include="main_window\history_control\HistoryControl.h" />
    <ClInclude Include="main_window\history_control\MessageContentWidget.h" />
    <ClInclude Include="main_window\history_control\MessagesModel.h" />
    <ClInclude Include="main_window\history_control\NewMessagesPlate.h" />
    <ClInclude Include="main_window\history_control\ServiceMessageItem.h" />
    <ClInclude Include="main_window\history_control\TextWidget.h" />
    <ClInclude Include="cache\avatars\AvatarStorage.h" />
    <ClInclude Include="main_window\search_contacts\SearchContactsWidget.h" />
    <ClInclude Include="main_window\search_contacts\SearchFilters.h" />
    <ClInclude Include="main_window\search_contacts\results\SearchResults.h" />
    <ClInclude Include="main_window\search_contacts\search_params.h" />
    <ClInclude Include="utils\InterConnector.h" />
    <ClInclude Include="utils\Text2DocConverter.h" />
    <ClInclude Include="utils\log\log.h" />
    <ClInclude Include="main_window\input_widget\InputWidget.h" />
    <ClInclude Include="main_window\LoginPage.h" />
    <ClInclude Include="main_window\MainPage.h" />
    <ClInclude Include="main_window\MainWindow.h" />
    <ClInclude Include="main_window\smiles_menu\smiles_menu.h" />
    <ClInclude Include="utils\profiling\auto_stop_watch.h" />
    <ClInclude Include="resource.h" />
    <ClInclude Include="stdafx.h" />
    <ClInclude Include="cache\stickers\stickers.h" />
    <ClInclude Include="themes\IcqStyle.h" />
    <ClInclude Include="themes\ThemePixmap.h" />
    <ClInclude Include="themes\Themes.h" />
    <ClInclude Include="voip\AvatarContainerWidget.h" />
    <ClInclude Include="voip\NameAndStatusWidget.h" />
    <ClInclude Include="voip\ui\call_menu.h" />
    <ClInclude Include="voip\ui\call_panel_main.h" />
    <ClInclude Include="voip\ui\detached_video_window.h" />
    <ClInclude Include="voip\ui\incoming_call_window.h" />
    <ClInclude Include="voip\ui\slider_ex.h" />
    <ClInclude Include="voip\ui\text_call_panel_item.h" />
    <ClInclude Include="voip\ui\video_panel_header.h" />
    <ClInclude Include="voip\ui\video_settings.h" />
    <ClInclude Include="voip\ui\voip_system_panel_header.h" />
    <ClInclude Include="voip\ui\voip_sys_panel_controls.h" />
    <ClInclude Include="voip\ui\volume_control.h" />
    <ClInclude Include="utils\SChar.h" />
    <ClInclude Include="utils\uid.h" />
    <ClInclude Include="utils\utils.h" />
    <ClInclude Include="voip\VoipProxy.h" />
    <ClInclude Include="voip\CallMenu.h" />
    <ClInclude Include="voip\CallPanelMain.h" />
    <ClInclude Include="voip\DetachedVideoWnd.h" />
    <ClInclude Include="main_window\history_control\FileSharingWidget.h" />
    <ClInclude Include="voip\IncomingCallWindow.h" />
    <ClInclude Include="main_window\smiles_menu\SmilesMenu.h" />
    <ClInclude Include="main_window\smiles_menu\toolbar.h" />
    <ClInclude Include="voip\VideoPanel.h" />
    <ClInclude Include="voip\VideoPanelHeader.h" />
    <ClInclude Include="voip\VideoSettings.h" />
    <ClInclude Include="voip\VideoWindow.h" />
    <ClInclude Include="voip\VoipSysPanelHeader.h" />
    <ClInclude Include="voip\VoipTools.h" />
    <ClInclude Include="main_window\history_control\ChatEventItem.h" />
    <ClInclude Include="main_window\contact_list\ChatMembersModel.h" />
    <ClInclude Include="controls\WidgetsNavigator.h" />
    <ClInclude Include="main_window\history_control\ImagePreviewWidget.h" />
    <ClInclude Include="main_window\history_control\HistoryControlPageItem.h" />
    <ClInclude Include="controls\DpiAwareImage.h" />
    <ClInclude Include="collection_helper_ext.h" />
    <ClInclude Include="main_window\contact_list\SearchMembersModel.h" />
    <ClInclude Include="main_window\contact_list\AbstractSearchModel.h" />
    <ClInclude Include="main_window\history_control\VoipEventInfo.h" />
    <ClInclude Include="main_window\history_control\PreviewContentWidget.h" />
    <ClInclude Include="main_window\history_control\VoipEventItem.h" />
    <ClInclude Include="utils\PainterPath.h" />
    <ClInclude Include="controls\Alert.h" />
    <ClInclude Include="main_window\history_control\MessageItem.h" />
    <ClInclude Include="..\common.shared\crash_handler.h" />
    <ClInclude Include="..\common.shared\common_defs.h" />
    <ClInclude Include="voip\VideoFrame.h" />
    <ClInclude Include="voip\win32\VideoFrameWin32.h" />
    <ClInclude Include="main_window\history_control\MessagesScrollbar.h" />
    <ClInclude Include="main_window\history_control\MessagesScrollArea.h" />
    <ClInclude Include="main_window\history_control\ResizePixmapTask.h" />
    <ClInclude Include="LoadPixmapFromDataTask.h" />
    <ClInclude Include="main_window\history_control\MessageItemLayout.h" />
    <ClInclude Include="main_window\history_control\MessagesScrollAreaLayout.h" />
    <ClInclude Include="utils\Text.h" />
    <ClInclude Include="main_window\sounds\MpegLoader.h" />
    <ClInclude Include="main_window\history_control\MessageStatusWidget.h" />
    <ClInclude Include="main_window\history_control\MessageStyle.h" />
    <ClInclude Include="cache\themes\themes.h" />
    <ClInclude Include="..\common.shared\keys.h" />
    <ClInclude Include="main_window\contact_list\CustomAbstractListModel.h" />
    <ClInclude Include="main_window\history_control\HistoryControlPageThemePanel.h" />
  </ItemGroup>
  <ItemGroup>
    <ResourceCompile Include="Resource.rc" />
  </ItemGroup>
  <ItemGroup>
    <Image Include="resources\main_window\appicon.ico" />
    <Image Include="resources\wnd_title\appicon.ico" />
  </ItemGroup>
  <ItemGroup>
    <None Include="main_window\history_control\auth_widget\auth_widget.qss" />
    <None Include="resources\qss\contact_list\recent.qss" />
    <None Include="resources\qss\styles.qss" />
    <None Include="voip\ui\call_menu.ui" />
    <None Include="voip\ui\call_panel_main.ui" />
    <None Include="voip\ui\detached_video_window.ui" />
    <None Include="voip\ui\incoming_call_window.ui" />
    <None Include="voip\ui\slider_ex.ui" />
    <None Include="voip\ui\text_call_panel_item.ui" />
    <None Include="voip\ui\video_panel_header.ui" />
    <None Include="voip\ui\video_settings.ui" />
    <None Include="voip\ui\voip_system_panel_header.ui" />
    <None Include="voip\ui\voip_sys_panel_controls.ui" />
    <None Include="voip\ui\volume_control.ui" />
    <None Include="main_window\history_control\history_control.qss" />
  </ItemGroup>
</Project>